<?xml version="1.0" encoding="utf-8"?>
<Project ToolsVersion="4.0" xmlns="http://schemas.microsoft.com/developer/msbuild/2003">
  <ItemGroup>
    <ClCompile Include="BasicHTTP.cpp" />
    <ClCompile Include="BasicHTTPClient.cpp" />
    <ClCompile Include="stdafx.cpp" />
    <ClCompile Include="Bridge.cpp" />
  </ItemGroup>
  <ItemGroup>
    <ClInclude Include="BasicHTTP.h" />
    <ClInclude Include="BasicHTTPClient.h" />
    <ClInclude Include="Monitor.h" />
    <ClInclude Include="stdafx.h" />
    <ClInclude Include="Stopwatch.h" />
    <ClInclude Include="targetver.h" />
    <ClInclude Include="resource.h" />
  </ItemGroup>
  <ItemGroup>
    <None Include="app.config" />
    <None Include="Properties\AssemblyInfo.log4net.cs">
      <Filter>Properties</Filter>
    </None>
    <None Include="packages.config" />
    <None Include="log4net.config" />
  </ItemGroup>
  <ItemGroup>
    <Filter Include="Properties">
      <UniqueIdentifier>{c0344326-4550-4732-991b-0dbaa353322a}</UniqueIdentifier>
    </Filter>
  </ItemGroup>
  <ItemGroup>
    <ResourceCompile Include="BasicHTTPClient.rc" />
  </ItemGroup>
</Project>